
Microsoft Visual Studio Solution File, Format Version 12.00
# Visual Studio Version 16
VisualStudioVersion = 16.0.30011.22
MinimumVisualStudioVersion = 10.0.40219.1
Project("{CC5FD16D-436D-48AD-A40C-5A424C6E3E79}") = "Backend", "Backend.ccproj", "{34DEEC45-D888-42AC-9824-A01B72FC8AB6}"
EndProject
Project("{FAE04EC0-301F-11D3-BF4B-00C04F79EFBC}") = "FRSApi", "FRSApi\FRSApi.csproj", "{F8F4C64D-5C9D-4EA5-B265-6AF5E83F51C7}"
EndProject
Project("{FAE04EC0-301F-11D3-BF4B-00C04F79EFBC}") = "PSApi", "PSApi\PSApi.csproj", "{AF292E9C-0C3E-4BCF-918E-6202F1C4EC22}"
EndProject
Global
	GlobalSection(SolutionConfigurationPlatforms) = preSolution
		Debug|Any CPU = Debug|Any CPU
		Release|Any CPU = Release|Any CPU
	EndGlobalSection
	GlobalSection(ProjectConfigurationPlatforms) = postSolution
		{34DEEC45-D888-42AC-9824-A01B72FC8AB6}.Debug|Any CPU.ActiveCfg = Debug|Any CPU
		{34DEEC45-D888-42AC-9824-A01B72FC8AB6}.Debug|Any CPU.Build.0 = Debug|Any CPU
		{34DEEC45-D888-42AC-9824-A01B72FC8AB6}.Release|Any CPU.ActiveCfg = Release|Any CPU
		{34DEEC45-D888-42AC-9824-A01B72FC8AB6}.Release|Any CPU.Build.0 = Release|Any CPU
		{F8F4C64D-5C9D-4EA5-B265-6AF5E83F51C7}.Debug|Any CPU.ActiveCfg = Debug|Any CPU
		{F8F4C64D-5C9D-4EA5-B265-6AF5E83F51C7}.Debug|Any CPU.Build.0 = Debug|Any CPU
		{F8F4C64D-5C9D-4EA5-B265-6AF5E83F51C7}.Release|Any CPU.ActiveCfg = Release|Any CPU
		{F8F4C64D-5C9D-4EA5-B265-6AF5E83F51C7}.Release|Any CPU.Build.0 = Release|Any CPU
		{AF292E9C-0C3E-4BCF-918E-6202F1C4EC22}.Debug|Any CPU.ActiveCfg = Debug|Any CPU
		{AF292E9C-0C3E-4BCF-918E-6202F1C4EC22}.Debug|Any CPU.Build.0 = Debug|Any CPU
		{AF292E9C-0C3E-4BCF-918E-6202F1C4EC22}.Release|Any CPU.ActiveCfg = Release|Any CPU
		{AF292E9C-0C3E-4BCF-918E-6202F1C4EC22}.Release|Any CPU.Build.0 = Release|Any CPU
	EndGlobalSection
	GlobalSection(SolutionProperties) = preSolution
		HideSolutionNode = FALSE
	EndGlobalSection
	GlobalSection(ExtensibilityGlobals) = postSolution
		SolutionGuid = {1F419992-03B2-48C6-8D7C-685243E3F2DC}
	EndGlobalSection
EndGlobal
